
Microsoft Visual Studio Solution File, Format Version 12.00
# Visual Studio Version 16
VisualStudioVersion = 25.0.1706.3
MinimumVisualStudioVersion = 10.0.40219.1
Project("{FAE04EC0-301F-11D3-BF4B-00C04F79EFBC}") = "LigneCore", "LigneCore\LigneCore.csproj", "{C0451277-239C-42DC-854E-8B56E47AE108}"
EndProject
Project("{FAE04EC0-301F-11D3-BF4B-00C04F79EFBC}") = "LigneCoreTest", "LigneCoreTest\LigneCoreTest.csproj", "{D1414848-18D7-4B5F-A3D5-BEA6ABB4C4DF}"
EndProject
Global
	GlobalSection(SolutionConfigurationPlatforms) = preSolution
		Debug|Any CPU = Debug|Any CPU
		Release|Any CPU = Release|Any CPU
	EndGlobalSection
	GlobalSection(ProjectConfigurationPlatforms) = postSolution
		{C0451277-239C-42DC-854E-8B56E47AE108}.Debug|Any CPU.ActiveCfg = Debug|Any CPU
		{C0451277-239C-42DC-854E-8B56E47AE108}.Debug|Any CPU.Build.0 = Debug|Any CPU
		{C0451277-239C-42DC-854E-8B56E47AE108}.Release|Any CPU.ActiveCfg = Release|Any CPU
		{C0451277-239C-42DC-854E-8B56E47AE108}.Release|Any CPU.Build.0 = Release|Any CPU
		{D1414848-18D7-4B5F-A3D5-BEA6ABB4C4DF}.Debug|Any CPU.ActiveCfg = Debug|Any CPU
		{D1414848-18D7-4B5F-A3D5-BEA6ABB4C4DF}.Debug|Any CPU.Build.0 = Debug|Any CPU
		{D1414848-18D7-4B5F-A3D5-BEA6ABB4C4DF}.Release|Any CPU.ActiveCfg = Release|Any CPU
		{D1414848-18D7-4B5F-A3D5-BEA6ABB4C4DF}.Release|Any CPU.Build.0 = Release|Any CPU
	EndGlobalSection
	GlobalSection(SolutionProperties) = preSolution
		HideSolutionNode = FALSE
	EndGlobalSection
	GlobalSection(ExtensibilityGlobals) = postSolution
		SolutionGuid = {97554FA4-E6A2-4DFC-BDA7-D2876ED7EFFE}
	EndGlobalSection
EndGlobal
